
Microsoft Visual Studio Solution File, Format Version 12.00
# Visual Studio Version 17
VisualStudioVersion = 17.4.33122.133
MinimumVisualStudioVersion = 10.0.40219.1
Project("{FAE04EC0-301F-11D3-BF4B-00C04F79EFBC}") = "MvCv", "MvCv\MvCv.csproj", "{79057A14-A475-4A91-9298-02445FE12B59}"
EndProject
Global
	GlobalSection(SolutionConfigurationPlatforms) = preSolution
		Debug|Any CPU = Debug|Any CPU
		Release|Any CPU = Release|Any CPU
	EndGlobalSection
	GlobalSection(ProjectConfigurationPlatforms) = postSolution
		{79057A14-A475-4A91-9298-02445FE12B59}.Debug|Any CPU.ActiveCfg = Debug|Any CPU
		{79057A14-A475-4A91-9298-02445FE12B59}.Debug|Any CPU.Build.0 = Debug|Any CPU
		{79057A14-A475-4A91-9298-02445FE12B59}.Release|Any CPU.ActiveCfg = Release|Any CPU
		{79057A14-A475-4A91-9298-02445FE12B59}.Release|Any CPU.Build.0 = Release|Any CPU
	EndGlobalSection
	GlobalSection(SolutionProperties) = preSolution
		HideSolutionNode = FALSE
	EndGlobalSection
	GlobalSection(ExtensibilityGlobals) = postSolution
		SolutionGuid = {5A6E0D2F-011B-48AD-B9BD-F64538A61052}
	EndGlobalSection
EndGlobal
